<?xml version="1.0" encoding="utf-8"?>
<Project ToolsVersion="4.0" xmlns="http://schemas.microsoft.com/developer/msbuild/2003">
  <ItemGroup>
    <Filter Include="Source Files">
      <UniqueIdentifier>{4FC737F1-C7A5-4376-A066-2A32D752A2FF}</UniqueIdentifier>
      <Extensions>cpp;c;cc;cxx;def;odl;idl;hpj;bat;asm;asmx</Extensions>
    </Filter>
    <Filter Include="Header Files">
      <UniqueIdentifier>{93995380-89BD-4b04-88EB-625FBE52EBFB}</UniqueIdentifier>
      <Extensions>h;hh;hpp;hxx;hm;inl;inc;xsd</Extensions>
    </Filter>
    <Filter Include="Resource Files">
      <UniqueIdentifier>{67DA6AB6-F800-4c08-8B7A-83BB121AAD01}</UniqueIdentifier>
      <Extensions>rc;ico;cur;bmp;dlg;rc2;rct;bin;rgs;gif;jpg;jpeg;jpe;resx;tiff;tif;png;wav</Extensions>
    </Filter>
  </ItemGroup>
  <ItemGroup>
    <ClCompile Include="flashservicecpp\FlashServiceCPP.cpp">
      <Filter>Source Files</Filter>
    </ClCompile>
  </ItemGroup>
  <ItemGroup>
    <ClInclude Include="flashservicecpp\httplib.h">
      <Filter>Header Files</Filter>
    </ClInclude>
    <ClInclude Include="flashservicecpp\resource.h">
      <Filter>Header Files</Filter>
    </ClInclude>
    <ClInclude Include="flashservicecpp\json.hpp">
      <Filter>Header Files</Filter>
    </ClInclude>
    <ClInclude Include="packages\libcurl-v143-shared.8.4.0\build\native\include\curl\curl.h">
      <Filter>Header Files</Filter>
    </ClInclude>
    <ClInclude Include="packages\libcurl-v143-shared.8.4.0\build\native\include\curl\curlver.h">
      <Filter>Header Files</Filter>
    </ClInclude>
    <ClInclude Include="packages\libcurl-v143-shared.8.4.0\build\native\include\curl\easy.h">
      <Filter>Header Files</Filter>
    </ClInclude>
    <ClInclude Include="packages\libcurl-v143-shared.8.4.0\build\native\include\curl\header.h">
      <Filter>Header Files</Filter>
    </ClInclude>
    <ClInclude Include="packages\libcurl-v143-shared.8.4.0\build\native\include\curl\mprintf.h">
      <Filter>Header Files</Filter>
    </ClInclude>
    <ClInclude Include="packages\libcurl-v143-shared.8.4.0\build\native\include\curl\multi.h">
      <Filter>Header Files</Filter>
    </ClInclude>
    <ClInclude Include="packages\libcurl-v143-shared.8.4.0\build\native\include\curl\options.h">
      <Filter>Header Files</Filter>
    </ClInclude>
    <ClInclude Include="packages\libcurl-v143-shared.8.4.0\build\native\include\curl\stdcheaders.h">
      <Filter>Header Files</Filter>
    </ClInclude>
    <ClInclude Include="packages\libcurl-v143-shared.8.4.0\build\native\include\curl\system.h">
      <Filter>Header Files</Filter>
    </ClInclude>
    <ClInclude Include="packages\libcurl-v143-shared.8.4.0\build\native\include\curl\typecheck-gcc.h">
      <Filter>Header Files</Filter>
    </ClInclude>
    <ClInclude Include="packages\libcurl-v143-shared.8.4.0\build\native\include\curl\urlapi.h">
      <Filter>Header Files</Filter>
    </ClInclude>
    <ClInclude Include="packages\libcurl-v143-shared.8.4.0\build\native\include\curl\websockets.h">
      <Filter>Header Files</Filter>
    </ClInclude>
  </ItemGroup>
  <ItemGroup>
    <ResourceCompile Include="flashservicecpp\FlashServiceCPP.rc">
      <Filter>Resource Files</Filter>
    </ResourceCompile>
  </ItemGroup>
</Project>